<?xml version="1.0" encoding="utf-8"?>
<Project ToolsVersion="4.0" xmlns="http://schemas.microsoft.com/developer/msbuild/2003">
  <ItemGroup>
    <ClCompile Include="src\Gogaman\ECS\System.cpp" />
    <ClCompile Include="src\Gogaman\ECS\World.cpp" />
    <ClCompile Include="src\Gogaman\Events\EventManager.cpp" />
    <ClCompile Include="src\pch.cpp" />
    <ClCompile Include="src\Platform\Windows\WindowsWindow.cpp" />
    <ClCompile Include="src\Platform\Windows\WindowsInput.cpp" />
    <ClCompile Include="src\Gogaman\Core\Logging\Logger.cpp" />
    <ClCompile Include="src\Gogaman\Core\Application.cpp" />
    <ClCompile Include="src\Platform\Vulkan\RenderHardwareInterface\VulkanDevice.cpp" />
    <ClCompile Include="src\Platform\Vulkan\RenderHardwareInterface\VulkanRenderSurface.cpp" />
    <ClCompile Include="src\Platform\Vulkan\RenderHardwareInterface\VulkanTexture.cpp" />
    <ClCompile Include="src\Gogaman\RenderHardwareInterface\AbstractTexture.cpp" />
    <ClCompile Include="src\Gogaman\RenderHardwareInterface\AbstractRenderSurface.cpp" />
    <ClCompile Include="src\Platform\Vulkan\RenderHardwareInterface\VulkanShader.cpp" />
    <ClCompile Include="src\Platform\Vulkan\RenderHardwareInterface\VulkanBuffer.cpp" />
    <ClCompile Include="src\Platform\Vulkan\RenderHardwareInterface\VulkanSampler.cpp" />
    <ClCompile Include="src\Platform\Vulkan\RenderHardwareInterface\VulkanRenderState.cpp" />
    <ClCompile Include="src\Platform\Vulkan\RenderHardwareInterface\VulkanDescriptorGroup.cpp" />
    <ClCompile Include="src\Platform\Vulkan\RenderHardwareInterface\VulkanDescriptorHeap.cpp" />
    <ClCompile Include="src\Platform\Vulkan\RenderHardwareInterface\VulkanDescriptorGroupLayout.cpp" />
    <ClCompile Include="src\Platform\Vulkan\RenderHardwareInterface\VulkanCommandHeap.cpp" />
    <ClCompile Include="src\Platform\Vulkan\RenderHardwareInterface\VulkanCommandBuffer.cpp" />
    <ClCompile Include="src\Platform\Vulkan\RenderHardwareInterface\VulkanComputeCommandRecorder.cpp" />
    <ClCompile Include="src\Platform\Vulkan\RenderHardwareInterface\VulkanComputeState.cpp" />
    <ClCompile Include="src\Platform\Vulkan\RenderHardwareInterface\VulkanRenderCommandRecorder.cpp" />
    <ClCompile Include="src\Platform\Vulkan\RenderHardwareInterface\VulkanTransferCommandRecorder.cpp" />
    <ClCompile Include="src\Gogaman\Rendering\PerspectiveCamera.cpp" />
    <ClCompile Include="src\Gogaman\Rendering\RenderingSystem.cpp" />
    <ClCompile Include="src\Platform\Vulkan\RenderHardwareInterface\VulkanDeviceMemory.cpp" />
    <ClCompile Include="src\Gogaman\Rendering\RenderGraph\Compiler.cpp" />
    <ClCompile Include="src\Gogaman\Rendering\RenderGraph\Graph.cpp" />
    <ClCompile Include="src\Gogaman\Rendering\RenderGraph\ResourceManager.cpp" />
    <ClCompile Include="src\Gogaman\Rendering\RenderGraph\Stage.cpp" />
    <ClCompile Include="src\Gogaman\Rendering\RenderGraph\ExecutableGraph.cpp" />
    <ClCompile Include="src\Platform\Vulkan\RenderHardwareInterface\VulkanFence.cpp" />
  </ItemGroup>
  <ItemGroup>
    <ClInclude Include="src\Gogaman\ECS\Component.h" />
    <ClInclude Include="src\Gogaman\ECS\ComponentFlags.h" />
    <ClInclude Include="src\Gogaman\ECS\ComponentManager.h" />
    <ClInclude Include="src\Gogaman\ECS\Entity.h" />
    <ClInclude Include="src\Gogaman\ECS\EntityGroup.h" />
    <ClInclude Include="src\Gogaman\ECS\EntityID.h" />
    <ClInclude Include="src\Gogaman\ECS\EntityManager.h" />
    <ClInclude Include="src\Gogaman\SpatialComponent.h" />
    <ClInclude Include="src\Gogaman\ECS\System.h" />
    <ClInclude Include="src\Gogaman\ECS\World.h" />
    <ClInclude Include="src\Gogaman\Events\Event.h" />
    <ClInclude Include="src\Gogaman\Events\EventDispatcher.h" />
    <ClInclude Include="src\Gogaman\Events\EventListener.h" />
    <ClInclude Include="src\Gogaman\Events\EventManager.h" />
    <ClInclude Include="src\Gogaman\Events\KeyboardEvent.h" />
    <ClInclude Include="src\Gogaman\Events\MouseEvent.h" />
    <ClInclude Include="src\Gogaman\Events\WindowEvent.h" />
    <ClInclude Include="src\Gogaman.h" />
    <ClInclude Include="src\pch.h" />
    <ClInclude Include="vendor\stb_image.h" />
    <ClInclude Include="src\Platform\Windows\WindowsWindow.h" />
    <ClInclude Include="src\Platform\Windows\WindowsInput.h" />
    <ClInclude Include="src\Gogaman\Sorting\RadixSort.h" />
    <ClInclude Include="src\Gogaman\Core\AbstractTime.h" />
    <ClInclude Include="src\Gogaman\Core\Time.h" />
    <ClInclude Include="src\Platform\Windows\WindowsTime.h" />
    <ClInclude Include="src\Gogaman\Core\Base.h" />
    <ClInclude Include="src\Gogaman\Core\CRTP.h" />
    <ClInclude Include="src\Gogaman\Core\Config.h" />
    <ClInclude Include="src\Gogaman\Input\AbstractInput.h" />
    <ClInclude Include="src\Gogaman\Input\Input.h" />
    <ClInclude Include="src\Gogaman\BoundingVolumeComponent.h" />
    <ClInclude Include="src\Gogaman\BoundingVolumeSystem.h" />
    <ClInclude Include="src\Gogaman\Core\Logging\Log.h" />
    <ClInclude Include="src\Gogaman\Core\Logging\Logger.h" />
    <ClInclude Include="src\Gogaman\Core\AbstractWindow.h" />
    <ClInclude Include="src\Gogaman\Core\Application.h" />
    <ClInclude Include="src\Gogaman\Core\Window.h" />
    <ClInclude Include="src\Gogaman\RenderHardwareInterface\AbstractDevice.h" />
    <ClInclude Include="src\Gogaman\RenderHardwareInterface\Device.h" />
    <ClInclude Include="src\Platform\Vulkan\RenderHardwareInterface\VulkanDevice.h" />
    <ClInclude Include="src\Gogaman\Input\KeyCodes.h" />
    <ClInclude Include="src\Gogaman\RenderHardwareInterface\AbstractRenderSurface.h" />
    <ClInclude Include="src\Gogaman\RenderHardwareInterface\RenderSurface.h" />
    <ClInclude Include="src\Platform\Vulkan\RenderHardwareInterface\VulkanRenderSurface.h" />
    <ClInclude Include="src\Gogaman\RenderHardwareInterface\Context.h" />
    <ClInclude Include="src\Gogaman\RenderHardwareInterface\AbstractTexture.h" />
    <ClInclude Include="src\Gogaman\RenderHardwareInterface\Texture.h" />
    <ClInclude Include="src\Platform\Vulkan\RenderHardwareInterface\VulkanTexture.h" />
    <ClInclude Include="src\Gogaman\RenderHardwareInterface\AbstractShader.h" />
    <ClInclude Include="src\Platform\Vulkan\RenderHardwareInterface\VulkanShader.h" />
    <ClInclude Include="src\Gogaman\RenderHardwareInterface\AbstractBuffer.h" />
    <ClInclude Include="src\Platform\Vulkan\RenderHardwareInterface\VulkanBuffer.h" />
    <ClInclude Include="src\Gogaman\RenderHardwareInterface\DeviceMemory.h" />
    <ClInclude Include="src\Gogaman\RenderHardwareInterface\AbstractSampler.h" />
    <ClInclude Include="src\Platform\Vulkan\RenderHardwareInterface\VulkanSampler.h" />
    <ClInclude Include="src\Platform\Vulkan\RenderHardwareInterface\VulkanRenderState.h" />
    <ClInclude Include="src\Gogaman\RenderHardwareInterface\AbstractRenderState.h" />
    <ClInclude Include="src\Gogaman\RenderHardwareInterface\AbstractComputeState.h" />
    <ClInclude Include="src\Gogaman\RenderHardwareInterface\AbstractDescriptorGroup.h" />
    <ClInclude Include="src\Gogaman\RenderHardwareInterface\AbstractDescriptorHeap.h" />
    <ClInclude Include="src\Platform\Vulkan\RenderHardwareInterface\VulkanDescriptorGroup.h" />
    <ClInclude Include="src\Gogaman\RenderHardwareInterface\DescriptorGroup.h" />
    <ClInclude Include="src\Gogaman\RenderHardwareInterface\DescriptorHeap.h" />
    <ClInclude Include="src\Platform\Vulkan\RenderHardwareInterface\VulkanDescriptorHeap.h" />
    <ClInclude Include="src\Gogaman\RenderHardwareInterface\Shader.h" />
    <ClInclude Include="src\Gogaman\RenderHardwareInterface\Buffer.h" />
    <ClInclude Include="src\Gogaman\RenderHardwareInterface\ShaderProgram.h" />
    <ClInclude Include="src\Gogaman\RenderHardwareInterface\Identifier.h" />
    <ClInclude Include="src\Gogaman\RenderHardwareInterface\AbstractDescriptorGroupLayout.h" />
    <ClInclude Include="src\Platform\Vulkan\RenderHardwareInterface\VulkanDescriptorGroupLayout.h" />
    <ClInclude Include="src\Gogaman\RenderHardwareInterface\DescriptorGroupLayout.h" />
    <ClInclude Include="src\Gogaman\RenderHardwareInterface\AbstractCommandHeap.h" />
    <ClInclude Include="src\Platform\Vulkan\RenderHardwareInterface\VulkanCommandHeap.h" />
    <ClInclude Include="src\Gogaman\RenderHardwareInterface\CommandHeap.h" />
    <ClInclude Include="src\Gogaman\RenderHardwareInterface\AbstractCommandBuffer.h" />
    <ClInclude Include="src\Platform\Vulkan\RenderHardwareInterface\VulkanCommandBuffer.h" />
    <ClInclude Include="src\Gogaman\RenderHardwareInterface\CommandBuffer.h" />
    <ClInclude Include="src\Platform\Vulkan\RenderHardwareInterface\VulkanComputeCommandRecorder.h" />
    <ClInclude Include="src\Gogaman\RenderHardwareInterface\AbstractComputeCommandRecorder.h" />
    <ClInclude Include="src\Gogaman\RenderHardwareInterface\ComputeState.h" />
    <ClInclude Include="src\Gogaman\RenderHardwareInterface\RenderState.h" />
    <ClInclude Include="src\Platform\Vulkan\RenderHardwareInterface\VulkanComputeState.h" />
    <ClInclude Include="src\Gogaman\RenderHardwareInterface\ComputeCommandRecorder.h" />
    <ClInclude Include="src\Gogaman\RenderHardwareInterface\AbstractRenderCommandRecorder.h" />
    <ClInclude Include="src\Platform\Vulkan\RenderHardwareInterface\VulkanRenderCommandRecorder.h" />
    <ClInclude Include="src\Gogaman\RenderHardwareInterface\RenderCommandRecorder.h" />
    <ClInclude Include="src\Gogaman\EntryPoint.h" />
    <ClInclude Include="src\Platform\Vulkan\RenderHardwareInterface\VulkanTransferCommandRecorder.h" />
    <ClInclude Include="src\Gogaman\RenderHardwareInterface\TransferCommandRecorder.h" />
    <ClInclude Include="src\Gogaman\RenderHardwareInterface\AbstractTransferCommandRecorder.h" />
    <ClInclude Include="src\Gogaman\RenderHardwareInterface\VertexLayout.h" />
    <ClInclude Include="src\Gogaman\Rendering\LightComponent.h" />
    <ClInclude Include="src\Gogaman\Rendering\ModelMatrixSystem.h" />
    <ClInclude Include="src\Gogaman\Rendering\PBR_Material.h" />
    <ClInclude Include="src\Gogaman\Rendering\PerspectiveCamera.h" />
    <ClInclude Include="src\Gogaman\Rendering\RenderableComponent.h" />
    <ClInclude Include="src\Gogaman\Rendering\RenderingSystem.h" />
    <ClInclude Include="src\Gogaman\RenderHardwareInterface\AbstractDeviceMemory.h" />
    <ClInclude Include="src\Platform\Vulkan\RenderHardwareInterface\VulkanDeviceMemory.h" />
    <ClInclude Include="src\Gogaman\RenderHardwareInterface\Sampler.h" />
    <ClInclude Include="src\Gogaman\Rendering\RenderGraph\Compiler.h" />
    <ClInclude Include="src\Gogaman\Rendering\RenderGraph\ExecutableGraph.h" />
    <ClInclude Include="src\Gogaman\Rendering\RenderGraph\Stage.h" />
    <ClInclude Include="src\Gogaman\Utilities\Container\ResourceContainer.h" />
    <ClInclude Include="src\Gogaman\Utilities\Geometry\BoundingBox3D.h" />
    <ClInclude Include="src\Gogaman\Utilities\Geometry\Plane.h" />
    <ClInclude Include="src\Gogaman\Utilities\Geometry\RectangularFrustum.h" />
    <ClInclude Include="src\Gogaman\Utilities\Geometry\Sphere.h" />
    <ClInclude Include="src\Gogaman\Utilities\Algorithm\DirectedGraph.h" />
    <ClInclude Include="src\Gogaman\Rendering\RenderGraph\Graph.h" />
    <ClInclude Include="src\Gogaman\Rendering\RenderGraph\Resource.h" />
    <ClInclude Include="src\Gogaman\Rendering\RenderGraph\ResourceManager.h" />
    <ClInclude Include="src\Gogaman\RenderHardwareInterface\AbstractFence.h" />
    <ClInclude Include="src\Platform\Vulkan\RenderHardwareInterface\VulkanFence.h" />
    <ClInclude Include="src\Gogaman\Rendering\FrameContext.h" />
    <ClInclude Include="src\Gogaman\RenderHardwareInterface\Fence.h" />
    <ClInclude Include="src\Gogaman\RenderHardwareInterface\LinearFence.h" />
  </ItemGroup>
</Project>