<?xml version="1.0" encoding="utf-8"?>
<Project ToolsVersion="4.0" xmlns="http://schemas.microsoft.com/developer/msbuild/2003">
  <ItemGroup>
    <ClCompile Include="src\Gogaman\ECS\System.cpp" />
    <ClCompile Include="src\Gogaman\ECS\World.cpp" />
    <ClCompile Include="src\Gogaman\Events\EventManager.cpp" />
    <ClCompile Include="src\pch.cpp" />
    <ClCompile Include="src\Platform\Windows\WindowsWindow.cpp" />
    <ClCompile Include="src\Platform\Windows\WindowsInput.cpp" />
    <ClCompile Include="src\Gogaman\Core\Logging\Logger.cpp" />
    <ClCompile Include="src\Gogaman\Core\Application.cpp" />
    <ClCompile Include="src\Platform\Vulkan\RenderHardwareInterface\VulkanDevice.cpp" />
    <ClCompile Include="src\Platform\Vulkan\RenderHardwareInterface\VulkanRenderSurface.cpp" />
    <ClCompile Include="src\Platform\Vulkan\RenderHardwareInterface\VulkanTexture.cpp" />
    <ClCompile Include="src\Gogaman\RenderHardwareInterface\AbstractTexture.cpp" />
    <ClCompile Include="src\Gogaman\RenderHardwareInterface\AbstractRenderSurface.cpp" />
    <ClCompile Include="src\Platform\Vulkan\RenderHardwareInterface\VulkanShader.cpp" />
    <ClCompile Include="src\Platform\Vulkan\RenderHardwareInterface\VulkanBuffer.cpp" />
    <ClCompile Include="src\Platform\Vulkan\RenderHardwareInterface\VulkanMemory.cpp" />
    <ClCompile Include="src\Platform\Vulkan\RenderHardwareInterface\VulkanSampler.cpp" />
    <ClCompile Include="src\Platform\Vulkan\RenderHardwareInterface\VulkanTransferEngine.cpp" />
    <ClCompile Include="src\Platform\Vulkan\RenderHardwareInterface\VulkanRenderState.cpp" />
    <ClCompile Include="src\Platform\Vulkan\RenderHardwareInterface\VulkanDescriptorGroup.cpp" />
    <ClCompile Include="src\Platform\Vulkan\RenderHardwareInterface\VulkanDescriptorHeap.cpp" />
    <ClCompile Include="src\Platform\Vulkan\RenderHardwareInterface\VulkanDescriptorGroupLayout.cpp" />
    <ClCompile Include="src\Platform\Vulkan\RenderHardwareInterface\VulkanCommandHeap.cpp" />
    <ClCompile Include="src\Platform\Vulkan\RenderHardwareInterface\VulkanCommandBuffer.cpp" />
    <ClCompile Include="src\Platform\Vulkan\RenderHardwareInterface\VulkanComputeCommandRecorder.cpp" />
    <ClCompile Include="src\Platform\Vulkan\RenderHardwareInterface\VulkanComputeState.cpp" />
    <ClCompile Include="src\Platform\Vulkan\RenderHardwareInterface\VulkanRenderCommandRecorder.cpp" />
  </ItemGroup>
  <ItemGroup>
    <ClInclude Include="src\Gogaman\ECS\Component.h" />
    <ClInclude Include="src\Gogaman\ECS\ComponentFlags.h" />
    <ClInclude Include="src\Gogaman\ECS\ComponentManager.h" />
    <ClInclude Include="src\Gogaman\ECS\Entity.h" />
    <ClInclude Include="src\Gogaman\ECS\EntityGroup.h" />
    <ClInclude Include="src\Gogaman\ECS\EntityID.h" />
    <ClInclude Include="src\Gogaman\ECS\EntityManager.h" />
    <ClInclude Include="src\Gogaman\Graphics\AbstractRenderCommand.h" />
    <ClInclude Include="src\Gogaman\Graphics\LightComponent.h" />
    <ClInclude Include="src\Gogaman\Graphics\RenderableComponent.h" />
    <ClInclude Include="src\Gogaman\Graphics\RenderCommand.h" />
    <ClInclude Include="src\Gogaman\Graphics\Renderer.h" />
    <ClInclude Include="src\Gogaman\Graphics\RenderingSystem.h" />
    <ClInclude Include="src\Gogaman\Graphics\AbstractRenderState.h" />
    <ClInclude Include="src\Gogaman\SpatialComponent.h" />
    <ClInclude Include="src\Gogaman\ECS\System.h" />
    <ClInclude Include="src\Gogaman\ECS\World.h" />
    <ClInclude Include="src\Gogaman\Events\Event.h" />
    <ClInclude Include="src\Gogaman\Events\EventDispatcher.h" />
    <ClInclude Include="src\Gogaman\Events\EventListener.h" />
    <ClInclude Include="src\Gogaman\Events\EventManager.h" />
    <ClInclude Include="src\Gogaman\Events\KeyboardEvent.h" />
    <ClInclude Include="src\Gogaman\Events\MouseEvent.h" />
    <ClInclude Include="src\Gogaman\Events\WindowEvent.h" />
    <ClInclude Include="src\Gogaman.h" />
    <ClInclude Include="src\Gogaman\EntryPoint.h" />
    <ClInclude Include="src\Gogaman\Graphics\Camera.h" />
    <ClInclude Include="src\Gogaman\Graphics\JitterSequences.h" />
    <ClInclude Include="src\pch.h" />
    <ClInclude Include="vendor\stb_image.h" />
    <ClInclude Include="src\Platform\Windows\WindowsWindow.h" />
    <ClInclude Include="src\Platform\Windows\WindowsInput.h" />
    <ClInclude Include="src\Gogaman\Sorting\RadixSort.h" />
    <ClInclude Include="src\Gogaman\Core\AbstractTime.h" />
    <ClInclude Include="src\Gogaman\Core\Time.h" />
    <ClInclude Include="src\Platform\Windows\WindowsTime.h" />
    <ClInclude Include="src\Gogaman\Geometry\BoundingBox3D.h" />
    <ClInclude Include="src\Gogaman\Geometry\Plane.h" />
    <ClInclude Include="src\Gogaman\Geometry\RectangularFrustum.h" />
    <ClInclude Include="src\Gogaman\Geometry\Sphere.h" />
    <ClInclude Include="src\Gogaman\Core\Base.h" />
    <ClInclude Include="src\Gogaman\Core\CRTP.h" />
    <ClInclude Include="src\Gogaman\Core\Config.h" />
    <ClInclude Include="src\Gogaman\Input\AbstractInput.h" />
    <ClInclude Include="src\Gogaman\Input\Input.h" />
    <ClInclude Include="src\Gogaman\BoundingVolumeComponent.h" />
    <ClInclude Include="src\Gogaman\BoundingVolumeSystem.h" />
    <ClInclude Include="src\Gogaman\Core\Logging\Log.h" />
    <ClInclude Include="src\Gogaman\Core\Logging\Logger.h" />
    <ClInclude Include="src\Gogaman\Core\AbstractWindow.h" />
    <ClInclude Include="src\Gogaman\Core\Application.h" />
    <ClInclude Include="src\Gogaman\Core\Window.h" />
    <ClInclude Include="src\Gogaman\RenderHardwareInterface\AbstractDevice.h" />
    <ClInclude Include="src\Gogaman\RenderHardwareInterface\Device.h" />
    <ClInclude Include="src\Platform\Vulkan\RenderHardwareInterface\VulkanDevice.h" />
    <ClInclude Include="src\Gogaman\Input\KeyCodes.h" />
    <ClInclude Include="src\Gogaman\RenderHardwareInterface\AbstractRenderSurface.h" />
    <ClInclude Include="src\Gogaman\RenderHardwareInterface\RenderSurface.h" />
    <ClInclude Include="src\Platform\Vulkan\RenderHardwareInterface\VulkanRenderSurface.h" />
    <ClInclude Include="src\Gogaman\RenderHardwareInterface\AbstractContext.h" />
    <ClInclude Include="src\Gogaman\RenderHardwareInterface\Context.h" />
    <ClInclude Include="src\Platform\Vulkan\RenderHardwareInterface\VulkanContext.h" />
    <ClInclude Include="src\Gogaman\RenderHardwareInterface\AbstractTexture.h" />
    <ClInclude Include="src\Gogaman\RenderHardwareInterface\Texture.h" />
    <ClInclude Include="src\Platform\Vulkan\RenderHardwareInterface\VulkanTexture.h" />
    <ClInclude Include="src\Gogaman\Core\ResourceContainer.h" />
    <ClInclude Include="src\Gogaman\RenderHardwareInterface\AbstractShader.h" />
    <ClInclude Include="src\Platform\Vulkan\RenderHardwareInterface\VulkanShader.h" />
    <ClInclude Include="src\Gogaman\RenderHardwareInterface\AbstractBuffer.h" />
    <ClInclude Include="src\Platform\Vulkan\RenderHardwareInterface\VulkanBuffer.h" />
    <ClInclude Include="src\Gogaman\RenderHardwareInterface\DeviceMemory.h" />
    <ClInclude Include="src\Platform\Vulkan\RenderHardwareInterface\VulkanMemory.h" />
    <ClInclude Include="src\Gogaman\RenderHardwareInterface\AbstractSampler.h" />
    <ClInclude Include="src\Platform\Vulkan\RenderHardwareInterface\VulkanSampler.h" />
    <ClInclude Include="src\Gogaman\RenderHardwareInterface\AbstractTransferEngine.h" />
    <ClInclude Include="src\Platform\Vulkan\RenderHardwareInterface\VulkanTransferEngine.h" />
    <ClInclude Include="src\Platform\Vulkan\RenderHardwareInterface\VulkanRenderState.h" />
    <ClInclude Include="src\Gogaman\RenderHardwareInterface\AbstractRenderState.h" />
    <ClInclude Include="src\Gogaman\RenderHardwareInterface\AbstractComputeState.h" />
    <ClInclude Include="src\Gogaman\RenderHardwareInterface\AbstractDescriptorGroup.h" />
    <ClInclude Include="src\Gogaman\RenderHardwareInterface\AbstractDescriptorHeap.h" />
    <ClInclude Include="src\Platform\Vulkan\RenderHardwareInterface\VulkanDescriptorGroup.h" />
    <ClInclude Include="src\Gogaman\RenderHardwareInterface\DescriptorGroup.h" />
    <ClInclude Include="src\Gogaman\RenderHardwareInterface\DescriptorHeap.h" />
    <ClInclude Include="src\Platform\Vulkan\RenderHardwareInterface\VulkanDescriptorHeap.h" />
    <ClInclude Include="src\Gogaman\RenderHardwareInterface\Shader.h" />
    <ClInclude Include="src\Gogaman\RenderHardwareInterface\TransferEngine.h" />
    <ClInclude Include="src\Gogaman\RenderHardwareInterface\Buffer.h" />
    <ClInclude Include="src\Gogaman\RenderHardwareInterface\ShaderProgram.h" />
    <ClInclude Include="src\Gogaman\RenderHardwareInterface\Identifier.h" />
    <ClInclude Include="src\Gogaman\RenderHardwareInterface\AbstractDescriptorGroupLayout.h" />
    <ClInclude Include="src\Platform\Vulkan\RenderHardwareInterface\VulkanDescriptorGroupLayout.h" />
    <ClInclude Include="src\Gogaman\RenderHardwareInterface\DescriptorGroupLayout.h" />
    <ClInclude Include="src\Gogaman\RenderHardwareInterface\AbstractCommandHeap.h" />
    <ClInclude Include="src\Platform\Vulkan\RenderHardwareInterface\VulkanCommandHeap.h" />
    <ClInclude Include="src\Gogaman\RenderHardwareInterface\CommandHeap.h" />
    <ClInclude Include="src\Gogaman\RenderHardwareInterface\AbstractCommandBuffer.h" />
    <ClInclude Include="src\Platform\Vulkan\RenderHardwareInterface\VulkanCommandBuffer.h" />
    <ClInclude Include="src\Gogaman\RenderHardwareInterface\CommandBuffer.h" />
    <ClInclude Include="src\Platform\Vulkan\RenderHardwareInterface\VulkanComputeCommandRecorder.h" />
    <ClInclude Include="src\Gogaman\RenderHardwareInterface\AbstractComputeCommandRecorder.h" />
    <ClInclude Include="src\Gogaman\RenderHardwareInterface\ComputeState.h" />
    <ClInclude Include="src\Gogaman\RenderHardwareInterface\RenderState.h" />
    <ClInclude Include="src\Platform\Vulkan\RenderHardwareInterface\VulkanComputeState.h" />
    <ClInclude Include="src\Gogaman\RenderHardwareInterface\ComputeCommandRecorder.h" />
    <ClInclude Include="src\Gogaman\RenderHardwareInterface\AbstractRenderCommandRecorder.h" />
    <ClInclude Include="src\Platform\Vulkan\RenderHardwareInterface\VulkanRenderCommandRecorder.h" />
    <ClInclude Include="src\Gogaman\RenderHardwareInterface\RenderCommandRecorder.h" />
  </ItemGroup>
  <ItemGroup>
    <None Include="shadersOld\boxblurshader.fs" />
    <None Include="shadersOld\boxblurshader.vs" />
    <None Include="shadersOld\directPBR.fs" />
    <None Include="shadersOld\directPBR.vs" />
    <None Include="shadersOld\gbuffershader.fs" />
    <None Include="shadersOld\gbuffershader.vs" />
    <None Include="shadersOld\guassianblurshader.fs" />
    <None Include="shadersOld\guassianblurshader.vs" />
    <None Include="shadersOld\postprocess.fs" />
    <None Include="shadersOld\postprocess.vs" />
    <None Include="shadersOld\lampshader.fs" />
    <None Include="shadersOld\lampshader.vs" />
    <None Include="shadersOld\pbrdeferred.fs" />
    <None Include="shadersOld\pbrdeferred.vs" />
    <None Include="shadersOld\skyboxshader.fs" />
    <None Include="shadersOld\skyboxshader.vs" />
    <None Include="shadersOld\ssrshader.fs" />
    <None Include="shadersOld\ssrshader.vs" />
    <None Include="shadersOld\test.fs" />
    <None Include="shadersOld\test.vs" />
    <None Include="shadersOld\VCTshader.fs" />
    <None Include="shadersOld\VCTshader.vs" />
    <None Include="shadersOld\voxelConeTracing.vs" />
    <None Include="shadersOld\voxelConeTracing2.fs" />
    <None Include="shadersOld\voxelization.fs" />
    <None Include="shadersOld\voxelization.gs" />
    <None Include="shadersOld\voxelization.vs" />
    <None Include="shadersOld\voxelInjectDirect.compute" />
    <None Include="shadersOld\voxelInjectIndirect.compute" />
    <None Include="shadersOld\voxelClearDynamic.compute" />
  </ItemGroup>
</Project>